
Microsoft Visual Studio Solution File, Format Version 12.00
Project("{FAE04EC0-301F-11D3-BF4B-00C04F79EFBC}") = "SeguroVeiculo", "SeguroVeiculo\SeguroVeiculo.csproj", "{2CB875F8-0182-468C-A475-923270CCC25A}"
EndProject
Global
	GlobalSection(SolutionConfigurationPlatforms) = preSolution
		Debug|Any CPU = Debug|Any CPU
		Release|Any CPU = Release|Any CPU
	EndGlobalSection
	GlobalSection(ProjectConfigurationPlatforms) = postSolution
		{2CB875F8-0182-468C-A475-923270CCC25A}.Debug|Any CPU.ActiveCfg = Debug|Any CPU
		{2CB875F8-0182-468C-A475-923270CCC25A}.Debug|Any CPU.Build.0 = Debug|Any CPU
		{2CB875F8-0182-468C-A475-923270CCC25A}.Release|Any CPU.ActiveCfg = Release|Any CPU
		{2CB875F8-0182-468C-A475-923270CCC25A}.Release|Any CPU.Build.0 = Release|Any CPU
	EndGlobalSection
EndGlobal
